
Microsoft Visual Studio Solution File, Format Version 12.00
# Visual Studio Version 17
VisualStudioVersion = 17.14.37012.4 d17.14
MinimumVisualStudioVersion = 10.0.40219.1
Project("{F2A71F9B-5D33-465A-A702-920D77279786}") = "ConsoleApp4", "ConsoleApp4\ConsoleApp4.fsproj", "{1982F084-697E-4141-AC4E-01E01EE05B22}"
EndProject
Global
	GlobalSection(SolutionConfigurationPlatforms) = preSolution
		Debug|Any CPU = Debug|Any CPU
		Release|Any CPU = Release|Any CPU
	EndGlobalSection
	GlobalSection(ProjectConfigurationPlatforms) = postSolution
		{1982F084-697E-4141-AC4E-01E01EE05B22}.Debug|Any CPU.ActiveCfg = Debug|Any CPU
		{1982F084-697E-4141-AC4E-01E01EE05B22}.Debug|Any CPU.Build.0 = Debug|Any CPU
		{1982F084-697E-4141-AC4E-01E01EE05B22}.Release|Any CPU.ActiveCfg = Release|Any CPU
		{1982F084-697E-4141-AC4E-01E01EE05B22}.Release|Any CPU.Build.0 = Release|Any CPU
	EndGlobalSection
	GlobalSection(SolutionProperties) = preSolution
		HideSolutionNode = FALSE
	EndGlobalSection
	GlobalSection(ExtensibilityGlobals) = postSolution
		SolutionGuid = {C824DFA3-D8ED-4979-8B21-79F565A28905}
	EndGlobalSection
EndGlobal
